// !$*UTF8*$!
{
	archiveVersion = 1;
	classes = {
	};
	objectVersion = 77;
	objects = {

/* Begin PBXBuildFile section */
		D306E43C2E886564004D7C35 /* FirebaseAI in Frameworks */ = {isa = PBXBuildFile; productRef = D306E43B2E886564004D7C35 /* FirebaseAI */; };
		D306E43E2E886564004D7C35 /* FirebaseAnalytics in Frameworks */ = {isa = PBXBuildFile; productRef = D306E43D2E886564004D7C35 /* FirebaseAnalytics */; };
		D306E4402E886564004D7C35 /* FirebaseAnalyticsCore in Frameworks */ = {isa = PBXBuildFile; productRef = D306E43F2E886564004D7C35 /* FirebaseAnalyticsCore */; };
		D306E4422E886564004D7C35 /* FirebaseAnalyticsIdentitySupport in Frameworks */ = {isa = PBXBuildFile; productRef = D306E4412E886564004D7C35 /* FirebaseAnalyticsIdentitySupport */; };
		D306E4442E886564004D7C35 /* FirebaseAppCheck in Frameworks */ = {isa = PBXBuildFile; productRef = D306E4432E886564004D7C35 /* FirebaseAppCheck */; };
		D306E4792E8869B1004D7C35 /* FirebaseFirestore in Frameworks */ = {isa = PBXBuildFile; productRef = D306E4782E8869B1004D7C35 /* FirebaseFirestore */; };
		D306E47B2E886AA2004D7C35 /* FirebaseMessaging in Frameworks */ = {isa = PBXBuildFile; productRef = D306E47A2E886AA2004D7C35 /* FirebaseMessaging */; };
		D306E47D2E886AD9004D7C35 /* FirebaseAuth in Frameworks */ = {isa = PBXBuildFile; productRef = D306E47C2E886AD9004D7C35 /* FirebaseAuth */; };
		D306E47F2E886B3A004D7C35 /* FirebaseFunctions in Frameworks */ = {isa = PBXBuildFile; productRef = D306E47E2E886B3A004D7C35 /* FirebaseFunctions */; };
/* End PBXBuildFile section */

/* Begin PBXContainerItemProxy section */
		D306E3F82E8862F2004D7C35 /* PBXContainerItemProxy */ = {
			isa = PBXContainerItemProxy;
			containerPortal = D306E3E22E8862F1004D7C35 /* Project object */;
			proxyType = 1;
			remoteGlobalIDString = D306E3E92E8862F1004D7C35;
			remoteInfo = CoodYou;
		};
		D306E4022E8862F2004D7C35 /* PBXContainerItemProxy */ = {
			isa = PBXContainerItemProxy;
			containerPortal = D306E3E22E8862F1004D7C35 /* Project object */;
			proxyType = 1;
			remoteGlobalIDString = D306E3E92E8862F1004D7C35;
			remoteInfo = CoodYou;
		};
/* End PBXContainerItemProxy section */

/* Begin PBXFileReference section */
		D306E3EA2E8862F1004D7C35 /* CoodYou.app */ = {isa = PBXFileReference; explicitFileType = wrapper.application; includeInIndex = 0; path = CoodYou.app; sourceTree = BUILT_PRODUCTS_DIR; };
		D306E3F72E8862F2004D7C35 /* CoodYouTests.xctest */ = {isa = PBXFileReference; explicitFileType = wrapper.cfbundle; includeInIndex = 0; path = CoodYouTests.xctest; sourceTree = BUILT_PRODUCTS_DIR; };
		D306E4012E8862F2004D7C35 /* CoodYouUITests.xctest */ = {isa = PBXFileReference; explicitFileType = wrapper.cfbundle; includeInIndex = 0; path = CoodYouUITests.xctest; sourceTree = BUILT_PRODUCTS_DIR; };
/* End PBXFileReference section */

/* Begin PBXFileSystemSynchronizedRootGroup section */
		D306E3EC2E8862F1004D7C35 /* CoodYou */ = {
			isa = PBXFileSystemSynchronizedRootGroup;
			path = CoodYou;
			sourceTree = "<group>";
		};
		D306E3FA2E8862F2004D7C35 /* CoodYouTests */ = {
			isa = PBXFileSystemSynchronizedRootGroup;
			path = CoodYouTests;
			sourceTree = "<group>";
		};
		D306E4042E8862F2004D7C35 /* CoodYouUITests */ = {
			isa = PBXFileSystemSynchronizedRootGroup;
			path = CoodYouUITests;
			sourceTree = "<group>";
		};
/* End PBXFileSystemSynchronizedRootGroup section */

/* Begin PBXFrameworksBuildPhase section */
		D306E3E72E8862F1004D7C35 /* Frameworks */ = {
			isa = PBXFrameworksBuildPhase;
			buildActionMask = 2147483647;
			files = (
				D306E4422E886564004D7C35 /* FirebaseAnalyticsIdentitySupport in Frameworks */,
				D306E43E2E886564004D7C35 /* FirebaseAnalytics in Frameworks */,
				D306E47B2E886AA2004D7C35 /* FirebaseMessaging in Frameworks */,
				D306E47F2E886B3A004D7C35 /* FirebaseFunctions in Frameworks */,
				D306E4402E886564004D7C35 /* FirebaseAnalyticsCore in Frameworks */,
				D306E4442E886564004D7C35 /* FirebaseAppCheck in Frameworks */,
				D306E43C2E886564004D7C35 /* FirebaseAI in Frameworks */,
				D306E4792E8869B1004D7C35 /* FirebaseFirestore in Frameworks */,
				D306E47D2E886AD9004D7C35 /* FirebaseAuth in Frameworks */,
			);
			runOnlyForDeploymentPostprocessing = 0;
		};
		D306E3F42E8862F2004D7C35 /* Frameworks */ = {
			isa = PBXFrameworksBuildPhase;
			buildActionMask = 2147483647;
			files = (
			);
			runOnlyForDeploymentPostprocessing = 0;
		};
		D306E3FE2E8862F2004D7C35 /* Frameworks */ = {
			isa = PBXFrameworksBuildPhase;
			buildActionMask = 2147483647;
			files = (
			);
			runOnlyForDeploymentPostprocessing = 0;
		};
/* End PBXFrameworksBuildPhase section */

/* Begin PBXGroup section */
		D306E3E12E8862F1004D7C35 = {
			isa = PBXGroup;
			children = (
				D306E3EC2E8862F1004D7C35 /* CoodYou */,
				D306E3FA2E8862F2004D7C35 /* CoodYouTests */,
				D306E4042E8862F2004D7C35 /* CoodYouUITests */,
				D306E4772E8869B1004D7C35 /* Frameworks */,
				D306E3EB2E8862F1004D7C35 /* Products */,
			);
			sourceTree = "<group>";
		};
		D306E3EB2E8862F1004D7C35 /* Products */ = {
			isa = PBXGroup;
			children = (
				D306E3EA2E8862F1004D7C35 /* CoodYou.app */,
				D306E3F72E8862F2004D7C35 /* CoodYouTests.xctest */,
				D306E4012E8862F2004D7C35 /* CoodYouUITests.xctest */,
			);
			name = Products;
			sourceTree = "<group>";
		};
		D306E4772E8869B1004D7C35 /* Frameworks */ = {
			isa = PBXGroup;
			children = (
			);
			name = Frameworks;
			sourceTree = "<group>";
		};
/* End PBXGroup section */

/* Begin PBXNativeTarget section */
		D306E3E92E8862F1004D7C35 /* CoodYou */ = {
			isa = PBXNativeTarget;
			buildConfigurationList = D306E40B2E8862F2004D7C35 /* Build configuration list for PBXNativeTarget "CoodYou" */;
			buildPhases = (
				D306E3E62E8862F1004D7C35 /* Sources */,
				D306E3E72E8862F1004D7C35 /* Frameworks */,
				D306E3E82E8862F1004D7C35 /* Resources */,
			);
			buildRules = (
			);
			dependencies = (
			);
			fileSystemSynchronizedGroups = (
				D306E3EC2E8862F1004D7C35 /* CoodYou */,
			);
			name = CoodYou;
			packageProductDependencies = (
				D306E43B2E886564004D7C35 /* FirebaseAI */,
				D306E43D2E886564004D7C35 /* FirebaseAnalytics */,
				D306E43F2E886564004D7C35 /* FirebaseAnalyticsCore */,
				D306E4412E886564004D7C35 /* FirebaseAnalyticsIdentitySupport */,
				D306E4432E886564004D7C35 /* FirebaseAppCheck */,
				D306E4782E8869B1004D7C35 /* FirebaseFirestore */,
				D306E47A2E886AA2004D7C35 /* FirebaseMessaging */,
				D306E47C2E886AD9004D7C35 /* FirebaseAuth */,
				D306E47E2E886B3A004D7C35 /* FirebaseFunctions */,
			);
			productName = CoodYou;
			productReference = D306E3EA2E8862F1004D7C35 /* CoodYou.app */;
			productType = "com.apple.product-type.application";
		};
		D306E3F62E8862F2004D7C35 /* CoodYouTests */ = {
			isa = PBXNativeTarget;
			buildConfigurationList = D306E40E2E8862F2004D7C35 /* Build configuration list for PBXNativeTarget "CoodYouTests" */;
			buildPhases = (
				D306E3F32E8862F2004D7C35 /* Sources */,
				D306E3F42E8862F2004D7C35 /* Frameworks */,
				D306E3F52E8862F2004D7C35 /* Resources */,
			);
			buildRules = (
			);
			dependencies = (
				D306E3F92E8862F2004D7C35 /* PBXTargetDependency */,
			);
			fileSystemSynchronizedGroups = (
				D306E3FA2E8862F2004D7C35 /* CoodYouTests */,
			);
			name = CoodYouTests;
			packageProductDependencies = (
			);
			productName = CoodYouTests;
			productReference = D306E3F72E8862F2004D7C35 /* CoodYouTests.xctest */;
			productType = "com.apple.product-type.bundle.unit-test";
		};
		D306E4002E8862F2004D7C35 /* CoodYouUITests */ = {
			isa = PBXNativeTarget;
			buildConfigurationList = D306E4112E8862F2004D7C35 /* Build configuration list for PBXNativeTarget "CoodYouUITests" */;
			buildPhases = (
				D306E3FD2E8862F2004D7C35 /* Sources */,
				D306E3FE2E8862F2004D7C35 /* Frameworks */,
				D306E3FF2E8862F2004D7C35 /* Resources */,
			);
			buildRules = (
			);
			dependencies = (
				D306E4032E8862F2004D7C35 /* PBXTargetDependency */,
			);
			fileSystemSynchronizedGroups = (
				D306E4042E8862F2004D7C35 /* CoodYouUITests */,
			);
			name = CoodYouUITests;
			packageProductDependencies = (
			);
			productName = CoodYouUITests;
			productReference = D306E4012E8862F2004D7C35 /* CoodYouUITests.xctest */;
			productType = "com.apple.product-type.bundle.ui-testing";
		};
/* End PBXNativeTarget section */

/* Begin PBXProject section */
		D306E3E22E8862F1004D7C35 /* Project object */ = {
			isa = PBXProject;
			attributes = {
				BuildIndependentTargetsInParallel = 1;
				LastSwiftUpdateCheck = 1640;
				LastUpgradeCheck = 1640;
				TargetAttributes = {
					D306E3E92E8862F1004D7C35 = {
						CreatedOnToolsVersion = 16.4;
					};
					D306E3F62E8862F2004D7C35 = {
						CreatedOnToolsVersion = 16.4;
						TestTargetID = D306E3E92E8862F1004D7C35;
					};
					D306E4002E8862F2004D7C35 = {
						CreatedOnToolsVersion = 16.4;
						TestTargetID = D306E3E92E8862F1004D7C35;
					};
				};
			};
			buildConfigurationList = D306E3E52E8862F1004D7C35 /* Build configuration list for PBXProject "CoodYou" */;
			developmentRegion = en;
			hasScannedForEncodings = 0;
			knownRegions = (
				en,
				Base,
			);
			mainGroup = D306E3E12E8862F1004D7C35;
			minimizedProjectReferenceProxies = 1;
			packageReferences = (
				D306E43A2E886564004D7C35 /* XCRemoteSwiftPackageReference "firebase-ios-sdk" */,
			);
			preferredProjectObjectVersion = 77;
			productRefGroup = D306E3EB2E8862F1004D7C35 /* Products */;
			projectDirPath = "";
			projectRoot = "";
			targets = (
				D306E3E92E8862F1004D7C35 /* CoodYou */,
				D306E3F62E8862F2004D7C35 /* CoodYouTests */,
				D306E4002E8862F2004D7C35 /* CoodYouUITests */,
			);
		};
/* End PBXProject section */

/* Begin PBXResourcesBuildPhase section */
		D306E3E82E8862F1004D7C35 /* Resources */ = {
			isa = PBXResourcesBuildPhase;
			buildActionMask = 2147483647;
			files = (
			);
			runOnlyForDeploymentPostprocessing = 0;
		};
		D306E3F52E8862F2004D7C35 /* Resources */ = {
			isa = PBXResourcesBuildPhase;
			buildActionMask = 2147483647;
			files = (
			);
			runOnlyForDeploymentPostprocessing = 0;
		};
		D306E3FF2E8862F2004D7C35 /* Resources */ = {
			isa = PBXResourcesBuildPhase;
			buildActionMask = 2147483647;
			files = (
			);
			runOnlyForDeploymentPostprocessing = 0;
		};
/* End PBXResourcesBuildPhase section */

/* Begin PBXSourcesBuildPhase section */
		D306E3E62E8862F1004D7C35 /* Sources */ = {
			isa = PBXSourcesBuildPhase;
			buildActionMask = 2147483647;
			files = (
			);
			runOnlyForDeploymentPostprocessing = 0;
		};
		D306E3F32E8862F2004D7C35 /* Sources */ = {
			isa = PBXSourcesBuildPhase;
			buildActionMask = 2147483647;
			files = (
			);
			runOnlyForDeploymentPostprocessing = 0;
		};
		D306E3FD2E8862F2004D7C35 /* Sources */ = {
			isa = PBXSourcesBuildPhase;
			buildActionMask = 2147483647;
			files = (
			);
			runOnlyForDeploymentPostprocessing = 0;
		};
/* End PBXSourcesBuildPhase section */

/* Begin PBXTargetDependency section */
		D306E3F92E8862F2004D7C35 /* PBXTargetDependency */ = {
			isa = PBXTargetDependency;
			target = D306E3E92E8862F1004D7C35 /* CoodYou */;
			targetProxy = D306E3F82E8862F2004D7C35 /* PBXContainerItemProxy */;
		};
		D306E4032E8862F2004D7C35 /* PBXTargetDependency */ = {
			isa = PBXTargetDependency;
			target = D306E3E92E8862F1004D7C35 /* CoodYou */;
			targetProxy = D306E4022E8862F2004D7C35 /* PBXContainerItemProxy */;
		};
/* End PBXTargetDependency section */

/* Begin XCBuildConfiguration section */
		D306E4092E8862F2004D7C35 /* Debug */ = {
			isa = XCBuildConfiguration;
			buildSettings = {
				ALWAYS_SEARCH_USER_PATHS = NO;
				ASSETCATALOG_COMPILER_GENERATE_SWIFT_ASSET_SYMBOL_EXTENSIONS = YES;
				CLANG_ANALYZER_NONNULL = YES;
				CLANG_ANALYZER_NUMBER_OBJECT_CONVERSION = YES_AGGRESSIVE;
				CLANG_CXX_LANGUAGE_STANDARD = "gnu++20";
				CLANG_ENABLE_MODULES = YES;
				CLANG_ENABLE_OBJC_ARC = YES;
				CLANG_ENABLE_OBJC_WEAK = YES;
				CLANG_WARN_BLOCK_CAPTURE_AUTORELEASING = YES;
				CLANG_WARN_BOOL_CONVERSION = YES;
				CLANG_WARN_COMMA = YES;
				CLANG_WARN_CONSTANT_CONVERSION = YES;
				CLANG_WARN_DEPRECATED_OBJC_IMPLEMENTATIONS = YES;
				CLANG_WARN_DIRECT_OBJC_ISA_USAGE = YES_ERROR;
				CLANG_WARN_DOCUMENTATION_COMMENTS = YES;
				CLANG_WARN_EMPTY_BODY = YES;
				CLANG_WARN_ENUM_CONVERSION = YES;
				CLANG_WARN_INFINITE_RECURSION = YES;
				CLANG_WARN_INT_CONVERSION = YES;
				CLANG_WARN_NON_LITERAL_NULL_CONVERSION = YES;
				CLANG_WARN_OBJC_IMPLICIT_RETAIN_SELF = YES;
				CLANG_WARN_OBJC_LITERAL_CONVERSION = YES;
				CLANG_WARN_OBJC_ROOT_CLASS = YES_ERROR;
				CLANG_WARN_QUOTED_INCLUDE_IN_FRAMEWORK_HEADER = YES;
				CLANG_WARN_RANGE_LOOP_ANALYSIS = YES;
				CLANG_WARN_STRICT_PROTOTYPES = YES;
				CLANG_WARN_SUSPICIOUS_MOVE = YES;
				CLANG_WARN_UNGUARDED_AVAILABILITY = YES_AGGRESSIVE;
				CLANG_WARN_UNREACHABLE_CODE = YES;
				CLANG_WARN__DUPLICATE_METHOD_MATCH = YES;
				COPY_PHASE_STRIP = NO;
				DEBUG_INFORMATION_FORMAT = dwarf;
				DEVELOPMENT_TEAM = THWRJU239D;
				ENABLE_STRICT_OBJC_MSGSEND = YES;
				ENABLE_TESTABILITY = YES;
				ENABLE_USER_SCRIPT_SANDBOXING = YES;
				GCC_C_LANGUAGE_STANDARD = gnu17;
				GCC_DYNAMIC_NO_PIC = NO;
				GCC_NO_COMMON_BLOCKS = YES;
				GCC_OPTIMIZATION_LEVEL = 0;
				GCC_PREPROCESSOR_DEFINITIONS = (
					"DEBUG=1",
					"$(inherited)",
				);
				GCC_WARN_64_TO_32_BIT_CONVERSION = YES;
				GCC_WARN_ABOUT_RETURN_TYPE = YES_ERROR;
				GCC_WARN_UNDECLARED_SELECTOR = YES;
				GCC_WARN_UNINITIALIZED_AUTOS = YES_AGGRESSIVE;
				GCC_WARN_UNUSED_FUNCTION = YES;
				GCC_WARN_UNUSED_VARIABLE = YES;
				IPHONEOS_DEPLOYMENT_TARGET = 18.5;
				LOCALIZATION_PREFERS_STRING_CATALOGS = YES;
				MTL_ENABLE_DEBUG_INFO = INCLUDE_SOURCE;
				MTL_FAST_MATH = YES;
				ONLY_ACTIVE_ARCH = YES;
				SDKROOT = iphoneos;
				SWIFT_ACTIVE_COMPILATION_CONDITIONS = "DEBUG $(inherited)";
				SWIFT_OPTIMIZATION_LEVEL = "-Onone";
			};
			name = Debug;
		};
		D306E40A2E8862F2004D7C35 /* Release */ = {
			isa = XCBuildConfiguration;
			buildSettings = {
				ALWAYS_SEARCH_USER_PATHS = NO;
				ASSETCATALOG_COMPILER_GENERATE_SWIFT_ASSET_SYMBOL_EXTENSIONS = YES;
				CLANG_ANALYZER_NONNULL = YES;
				CLANG_ANALYZER_NUMBER_OBJECT_CONVERSION = YES_AGGRESSIVE;
				CLANG_CXX_LANGUAGE_STANDARD = "gnu++20";
				CLANG_ENABLE_MODULES = YES;
				CLANG_ENABLE_OBJC_ARC = YES;
				CLANG_ENABLE_OBJC_WEAK = YES;
				CLANG_WARN_BLOCK_CAPTURE_AUTORELEASING = YES;
				CLANG_WARN_BOOL_CONVERSION = YES;
				CLANG_WARN_COMMA = YES;
				CLANG_WARN_CONSTANT_CONVERSION = YES;
				CLANG_WARN_DEPRECATED_OBJC_IMPLEMENTATIONS = YES;
				CLANG_WARN_DIRECT_OBJC_ISA_USAGE = YES_ERROR;
				CLANG_WARN_DOCUMENTATION_COMMENTS = YES;
				CLANG_WARN_EMPTY_BODY = YES;
				CLANG_WARN_ENUM_CONVERSION = YES;
				CLANG_WARN_INFINITE_RECURSION = YES;
				CLANG_WARN_INT_CONVERSION = YES;
				CLANG_WARN_NON_LITERAL_NULL_CONVERSION = YES;
				CLANG_WARN_OBJC_IMPLICIT_RETAIN_SELF = YES;
				CLANG_WARN_OBJC_LITERAL_CONVERSION = YES;
				CLANG_WARN_OBJC_ROOT_CLASS = YES_ERROR;
				CLANG_WARN_QUOTED_INCLUDE_IN_FRAMEWORK_HEADER = YES;
				CLANG_WARN_RANGE_LOOP_ANALYSIS = YES;
				CLANG_WARN_STRICT_PROTOTYPES = YES;
				CLANG_WARN_SUSPICIOUS_MOVE = YES;
				CLANG_WARN_UNGUARDED_AVAILABILITY = YES_AGGRESSIVE;
				CLANG_WARN_UNREACHABLE_CODE = YES;
				CLANG_WARN__DUPLICATE_METHOD_MATCH = YES;
				COPY_PHASE_STRIP = NO;
				DEBUG_INFORMATION_FORMAT = "dwarf-with-dsym";
				DEVELOPMENT_TEAM = THWRJU239D;
				ENABLE_NS_ASSERTIONS = NO;
				ENABLE_STRICT_OBJC_MSGSEND = YES;
				ENABLE_USER_SCRIPT_SANDBOXING = YES;
				GCC_C_LANGUAGE_STANDARD = gnu17;
				GCC_NO_COMMON_BLOCKS = YES;
				GCC_WARN_64_TO_32_BIT_CONVERSION = YES;
				GCC_WARN_ABOUT_RETURN_TYPE = YES_ERROR;
				GCC_WARN_UNDECLARED_SELECTOR = YES;
				GCC_WARN_UNINITIALIZED_AUTOS = YES_AGGRESSIVE;
				GCC_WARN_UNUSED_FUNCTION = YES;
				GCC_WARN_UNUSED_VARIABLE = YES;
				IPHONEOS_DEPLOYMENT_TARGET = 18.5;
				LOCALIZATION_PREFERS_STRING_CATALOGS = YES;
				MTL_ENABLE_DEBUG_INFO = NO;
				MTL_FAST_MATH = YES;
				SDKROOT = iphoneos;
				SWIFT_COMPILATION_MODE = wholemodule;
				VALIDATE_PRODUCT = YES;
			};
			name = Release;
		};
		D306E40C2E8862F2004D7C35 /* Debug */ = {
			isa = XCBuildConfiguration;
			buildSettings = {
				ASSETCATALOG_COMPILER_APPICON_NAME = AppIcon;
				ASSETCATALOG_COMPILER_GLOBAL_ACCENT_COLOR_NAME = AccentColor;
				CODE_SIGN_STYLE = Automatic;
				CURRENT_PROJECT_VERSION = 1;
				DEVELOPMENT_TEAM = THWRJU239D;
				ENABLE_PREVIEWS = YES;
				GENERATE_INFOPLIST_FILE = YES;
				INFOPLIST_KEY_UIApplicationSceneManifest_Generation = YES;
				INFOPLIST_KEY_UIApplicationSupportsIndirectInputEvents = YES;
				INFOPLIST_KEY_UILaunchScreen_Generation = YES;
				INFOPLIST_KEY_UISupportedInterfaceOrientations_iPad = "UIInterfaceOrientationPortrait UIInterfaceOrientationPortraitUpsideDown UIInterfaceOrientationLandscapeLeft UIInterfaceOrientationLandscapeRight";
				INFOPLIST_KEY_UISupportedInterfaceOrientations_iPhone = "UIInterfaceOrientationPortrait UIInterfaceOrientationLandscapeLeft UIInterfaceOrientationLandscapeRight";
				LD_RUNPATH_SEARCH_PATHS = (
					"$(inherited)",
					"@executable_path/Frameworks",
				);
				MARKETING_VERSION = 1.0;
				PRODUCT_BUNDLE_IDENTIFIER = "Hassam-Gani.CoodYou";
				PRODUCT_NAME = "$(TARGET_NAME)";
				SWIFT_EMIT_LOC_STRINGS = YES;
				SWIFT_VERSION = 5.0;
				TARGETED_DEVICE_FAMILY = "1,2";
			};
			name = Debug;
		};
		D306E40D2E8862F2004D7C35 /* Release */ = {
			isa = XCBuildConfiguration;
			buildSettings = {
				ASSETCATALOG_COMPILER_APPICON_NAME = AppIcon;
				ASSETCATALOG_COMPILER_GLOBAL_ACCENT_COLOR_NAME = AccentColor;
				CODE_SIGN_STYLE = Automatic;
				CURRENT_PROJECT_VERSION = 1;
				DEVELOPMENT_TEAM = THWRJU239D;
				ENABLE_PREVIEWS = YES;
				GENERATE_INFOPLIST_FILE = YES;
				INFOPLIST_KEY_UIApplicationSceneManifest_Generation = YES;
				INFOPLIST_KEY_UIApplicationSupportsIndirectInputEvents = YES;
				INFOPLIST_KEY_UILaunchScreen_Generation = YES;
				INFOPLIST_KEY_UISupportedInterfaceOrientations_iPad = "UIInterfaceOrientationPortrait UIInterfaceOrientationPortraitUpsideDown UIInterfaceOrientationLandscapeLeft UIInterfaceOrientationLandscapeRight";
				INFOPLIST_KEY_UISupportedInterfaceOrientations_iPhone = "UIInterfaceOrientationPortrait UIInterfaceOrientationLandscapeLeft UIInterfaceOrientationLandscapeRight";
				LD_RUNPATH_SEARCH_PATHS = (
					"$(inherited)",
					"@executable_path/Frameworks",
				);
				MARKETING_VERSION = 1.0;
				PRODUCT_BUNDLE_IDENTIFIER = "Hassam-Gani.CoodYou";
				PRODUCT_NAME = "$(TARGET_NAME)";
				SWIFT_EMIT_LOC_STRINGS = YES;
				SWIFT_VERSION = 5.0;
				TARGETED_DEVICE_FAMILY = "1,2";
			};
			name = Release;
		};
		D306E40F2E8862F2004D7C35 /* Debug */ = {
			isa = XCBuildConfiguration;
			buildSettings = {
				BUNDLE_LOADER = "$(TEST_HOST)";
				CODE_SIGN_STYLE = Automatic;
				CURRENT_PROJECT_VERSION = 1;
				DEVELOPMENT_TEAM = THWRJU239D;
				GENERATE_INFOPLIST_FILE = YES;
				IPHONEOS_DEPLOYMENT_TARGET = 18.5;
				MARKETING_VERSION = 1.0;
				PRODUCT_BUNDLE_IDENTIFIER = "Hassam-Gani.CoodYouTests";
				PRODUCT_NAME = "$(TARGET_NAME)";
				SWIFT_EMIT_LOC_STRINGS = NO;
				SWIFT_VERSION = 5.0;
				TARGETED_DEVICE_FAMILY = "1,2";
				TEST_HOST = "$(BUILT_PRODUCTS_DIR)/CoodYou.app/$(BUNDLE_EXECUTABLE_FOLDER_PATH)/CoodYou";
			};
			name = Debug;
		};
		D306E4102E8862F2004D7C35 /* Release */ = {
			isa = XCBuildConfiguration;
			buildSettings = {
				BUNDLE_LOADER = "$(TEST_HOST)";
				CODE_SIGN_STYLE = Automatic;
				CURRENT_PROJECT_VERSION = 1;
				DEVELOPMENT_TEAM = THWRJU239D;
				GENERATE_INFOPLIST_FILE = YES;
				IPHONEOS_DEPLOYMENT_TARGET = 18.5;
				MARKETING_VERSION = 1.0;
				PRODUCT_BUNDLE_IDENTIFIER = "Hassam-Gani.CoodYouTests";
				PRODUCT_NAME = "$(TARGET_NAME)";
				SWIFT_EMIT_LOC_STRINGS = NO;
				SWIFT_VERSION = 5.0;
				TARGETED_DEVICE_FAMILY = "1,2";
				TEST_HOST = "$(BUILT_PRODUCTS_DIR)/CoodYou.app/$(BUNDLE_EXECUTABLE_FOLDER_PATH)/CoodYou";
			};
			name = Release;
		};
		D306E4122E8862F2004D7C35 /* Debug */ = {
			isa = XCBuildConfiguration;
			buildSettings = {
				CODE_SIGN_STYLE = Automatic;
				CURRENT_PROJECT_VERSION = 1;
				DEVELOPMENT_TEAM = THWRJU239D;
				GENERATE_INFOPLIST_FILE = YES;
				MARKETING_VERSION = 1.0;
				PRODUCT_BUNDLE_IDENTIFIER = "Hassam-Gani.CoodYouUITests";
				PRODUCT_NAME = "$(TARGET_NAME)";
				SWIFT_EMIT_LOC_STRINGS = NO;
				SWIFT_VERSION = 5.0;
				TARGETED_DEVICE_FAMILY = "1,2";
				TEST_TARGET_NAME = CoodYou;
			};
			name = Debug;
		};
		D306E4132E8862F2004D7C35 /* Release */ = {
			isa = XCBuildConfiguration;
			buildSettings = {
				CODE_SIGN_STYLE = Automatic;
				CURRENT_PROJECT_VERSION = 1;
				DEVELOPMENT_TEAM = THWRJU239D;
				GENERATE_INFOPLIST_FILE = YES;
				MARKETING_VERSION = 1.0;
				PRODUCT_BUNDLE_IDENTIFIER = "Hassam-Gani.CoodYouUITests";
				PRODUCT_NAME = "$(TARGET_NAME)";
				SWIFT_EMIT_LOC_STRINGS = NO;
				SWIFT_VERSION = 5.0;
				TARGETED_DEVICE_FAMILY = "1,2";
				TEST_TARGET_NAME = CoodYou;
			};
			name = Release;
		};
/* End XCBuildConfiguration section */

/* Begin XCConfigurationList section */
		D306E3E52E8862F1004D7C35 /* Build configuration list for PBXProject "CoodYou" */ = {
			isa = XCConfigurationList;
			buildConfigurations = (
				D306E4092E8862F2004D7C35 /* Debug */,
				D306E40A2E8862F2004D7C35 /* Release */,
			);
			defaultConfigurationIsVisible = 0;
			defaultConfigurationName = Release;
		};
		D306E40B2E8862F2004D7C35 /* Build configuration list for PBXNativeTarget "CoodYou" */ = {
			isa = XCConfigurationList;
			buildConfigurations = (
				D306E40C2E8862F2004D7C35 /* Debug */,
				D306E40D2E8862F2004D7C35 /* Release */,
			);
			defaultConfigurationIsVisible = 0;
			defaultConfigurationName = Release;
		};
		D306E40E2E8862F2004D7C35 /* Build configuration list for PBXNativeTarget "CoodYouTests" */ = {
			isa = XCConfigurationList;
			buildConfigurations = (
				D306E40F2E8862F2004D7C35 /* Debug */,
				D306E4102E8862F2004D7C35 /* Release */,
			);
			defaultConfigurationIsVisible = 0;
			defaultConfigurationName = Release;
		};
		D306E4112E8862F2004D7C35 /* Build configuration list for PBXNativeTarget "CoodYouUITests" */ = {
			isa = XCConfigurationList;
			buildConfigurations = (
				D306E4122E8862F2004D7C35 /* Debug */,
				D306E4132E8862F2004D7C35 /* Release */,
			);
			defaultConfigurationIsVisible = 0;
			defaultConfigurationName = Release;
		};
/* End XCConfigurationList section */

/* Begin XCRemoteSwiftPackageReference section */
		D306E43A2E886564004D7C35 /* XCRemoteSwiftPackageReference "firebase-ios-sdk" */ = {
			isa = XCRemoteSwiftPackageReference;
			repositoryURL = "https://github.com/firebase/firebase-ios-sdk";
			requirement = {
				kind = upToNextMajorVersion;
				minimumVersion = 12.3.0;
			};
		};
/* End XCRemoteSwiftPackageReference section */

/* Begin XCSwiftPackageProductDependency section */
		D306E43B2E886564004D7C35 /* FirebaseAI */ = {
			isa = XCSwiftPackageProductDependency;
			package = D306E43A2E886564004D7C35 /* XCRemoteSwiftPackageReference "firebase-ios-sdk" */;
			productName = FirebaseAI;
		};
		D306E43D2E886564004D7C35 /* FirebaseAnalytics */ = {
			isa = XCSwiftPackageProductDependency;
			package = D306E43A2E886564004D7C35 /* XCRemoteSwiftPackageReference "firebase-ios-sdk" */;
			productName = FirebaseAnalytics;
		};
		D306E43F2E886564004D7C35 /* FirebaseAnalyticsCore */ = {
			isa = XCSwiftPackageProductDependency;
			package = D306E43A2E886564004D7C35 /* XCRemoteSwiftPackageReference "firebase-ios-sdk" */;
			productName = FirebaseAnalyticsCore;
		};
		D306E4412E886564004D7C35 /* FirebaseAnalyticsIdentitySupport */ = {
			isa = XCSwiftPackageProductDependency;
			package = D306E43A2E886564004D7C35 /* XCRemoteSwiftPackageReference "firebase-ios-sdk" */;
			productName = FirebaseAnalyticsIdentitySupport;
		};
		D306E4432E886564004D7C35 /* FirebaseAppCheck */ = {
			isa = XCSwiftPackageProductDependency;
			package = D306E43A2E886564004D7C35 /* XCRemoteSwiftPackageReference "firebase-ios-sdk" */;
			productName = FirebaseAppCheck;
		};
		D306E4782E8869B1004D7C35 /* FirebaseFirestore */ = {
			isa = XCSwiftPackageProductDependency;
			package = D306E43A2E886564004D7C35 /* XCRemoteSwiftPackageReference "firebase-ios-sdk" */;
			productName = FirebaseFirestore;
		};
		D306E47A2E886AA2004D7C35 /* FirebaseMessaging */ = {
			isa = XCSwiftPackageProductDependency;
			package = D306E43A2E886564004D7C35 /* XCRemoteSwiftPackageReference "firebase-ios-sdk" */;
			productName = FirebaseMessaging;
		};
		D306E47C2E886AD9004D7C35 /* FirebaseAuth */ = {
			isa = XCSwiftPackageProductDependency;
			package = D306E43A2E886564004D7C35 /* XCRemoteSwiftPackageReference "firebase-ios-sdk" */;
			productName = FirebaseAuth;
		};
		D306E47E2E886B3A004D7C35 /* FirebaseFunctions */ = {
			isa = XCSwiftPackageProductDependency;
			package = D306E43A2E886564004D7C35 /* XCRemoteSwiftPackageReference "firebase-ios-sdk" */;
			productName = FirebaseFunctions;
		};
/* End XCSwiftPackageProductDependency section */
	};
	rootObject = D306E3E22E8862F1004D7C35 /* Project object */;
}
